
Microsoft Visual Studio Solution File, Format Version 12.00
# Visual Studio 15
VisualStudioVersion = 15.0.27428.2002
MinimumVisualStudioVersion = 10.0.40219.1
Project("{8BC9CEB8-8B4A-11D0-8D11-00A0C91BC942}") = "Users", "Users\Users.vcxproj", "{95B291D9-A163-40AA-8589-E674783008D4}"
EndProject
Project("{8BC9CEB8-8B4A-11D0-8D11-00A0C91BC942}") = "LogInManager", "..\LogInManager\LogInManager.vcxproj", "{3E3BB489-FB31-4483-91CE-3F9E34AE465F}"
	ProjectSection(ProjectDependencies) = postProject
		{95B291D9-A163-40AA-8589-E674783008D4} = {95B291D9-A163-40AA-8589-E674783008D4}
	EndProjectSection
EndProject
Project("{8BC9CEB8-8B4A-11D0-8D11-00A0C91BC942}") = "Gallery", "..\Gallery\Gallery\Gallery.vcxproj", "{A2563012-38E0-4E44-AA37-4A6B97C244AE}"
EndProject
Project("{8BC9CEB8-8B4A-11D0-8D11-00A0C91BC942}") = "Server", "..\Server\Server\Server.vcxproj", "{9264D4E6-E471-4AB2-9A46-08FCC4C86C74}"
	ProjectSection(ProjectDependencies) = postProject
		{A2563012-38E0-4E44-AA37-4A6B97C244AE} = {A2563012-38E0-4E44-AA37-4A6B97C244AE}
		{3E3BB489-FB31-4483-91CE-3F9E34AE465F} = {3E3BB489-FB31-4483-91CE-3F9E34AE465F}
	EndProjectSection
EndProject
Global
	GlobalSection(SolutionConfigurationPlatforms) = preSolution
		Debug|x64 = Debug|x64
		Debug|x86 = Debug|x86
		Release|x64 = Release|x64
		Release|x86 = Release|x86
	EndGlobalSection
	GlobalSection(ProjectConfigurationPlatforms) = postSolution
		{95B291D9-A163-40AA-8589-E674783008D4}.Debug|x64.ActiveCfg = Debug|x64
		{95B291D9-A163-40AA-8589-E674783008D4}.Debug|x64.Build.0 = Debug|x64
		{95B291D9-A163-40AA-8589-E674783008D4}.Debug|x86.ActiveCfg = Debug|Win32
		{95B291D9-A163-40AA-8589-E674783008D4}.Debug|x86.Build.0 = Debug|Win32
		{95B291D9-A163-40AA-8589-E674783008D4}.Release|x64.ActiveCfg = Release|x64
		{95B291D9-A163-40AA-8589-E674783008D4}.Release|x64.Build.0 = Release|x64
		{95B291D9-A163-40AA-8589-E674783008D4}.Release|x86.ActiveCfg = Release|Win32
		{95B291D9-A163-40AA-8589-E674783008D4}.Release|x86.Build.0 = Release|Win32
		{3E3BB489-FB31-4483-91CE-3F9E34AE465F}.Debug|x64.ActiveCfg = Debug|x64
		{3E3BB489-FB31-4483-91CE-3F9E34AE465F}.Debug|x64.Build.0 = Debug|x64
		{3E3BB489-FB31-4483-91CE-3F9E34AE465F}.Debug|x86.ActiveCfg = Debug|Win32
		{3E3BB489-FB31-4483-91CE-3F9E34AE465F}.Debug|x86.Build.0 = Debug|Win32
		{3E3BB489-FB31-4483-91CE-3F9E34AE465F}.Release|x64.ActiveCfg = Release|x64
		{3E3BB489-FB31-4483-91CE-3F9E34AE465F}.Release|x64.Build.0 = Release|x64
		{3E3BB489-FB31-4483-91CE-3F9E34AE465F}.Release|x86.ActiveCfg = Release|Win32
		{3E3BB489-FB31-4483-91CE-3F9E34AE465F}.Release|x86.Build.0 = Release|Win32
		{A2563012-38E0-4E44-AA37-4A6B97C244AE}.Debug|x64.ActiveCfg = Debug|x64
		{A2563012-38E0-4E44-AA37-4A6B97C244AE}.Debug|x64.Build.0 = Debug|x64
		{A2563012-38E0-4E44-AA37-4A6B97C244AE}.Debug|x86.ActiveCfg = Debug|Win32
		{A2563012-38E0-4E44-AA37-4A6B97C244AE}.Debug|x86.Build.0 = Debug|Win32
		{A2563012-38E0-4E44-AA37-4A6B97C244AE}.Release|x64.ActiveCfg = Release|x64
		{A2563012-38E0-4E44-AA37-4A6B97C244AE}.Release|x64.Build.0 = Release|x64
		{A2563012-38E0-4E44-AA37-4A6B97C244AE}.Release|x86.ActiveCfg = Release|Win32
		{A2563012-38E0-4E44-AA37-4A6B97C244AE}.Release|x86.Build.0 = Release|Win32
		{9264D4E6-E471-4AB2-9A46-08FCC4C86C74}.Debug|x64.ActiveCfg = Debug|x64
		{9264D4E6-E471-4AB2-9A46-08FCC4C86C74}.Debug|x64.Build.0 = Debug|x64
		{9264D4E6-E471-4AB2-9A46-08FCC4C86C74}.Debug|x86.ActiveCfg = Debug|Win32
		{9264D4E6-E471-4AB2-9A46-08FCC4C86C74}.Debug|x86.Build.0 = Debug|Win32
		{9264D4E6-E471-4AB2-9A46-08FCC4C86C74}.Release|x64.ActiveCfg = Release|x64
		{9264D4E6-E471-4AB2-9A46-08FCC4C86C74}.Release|x64.Build.0 = Release|x64
		{9264D4E6-E471-4AB2-9A46-08FCC4C86C74}.Release|x86.ActiveCfg = Release|Win32
		{9264D4E6-E471-4AB2-9A46-08FCC4C86C74}.Release|x86.Build.0 = Release|Win32
	EndGlobalSection
	GlobalSection(SolutionProperties) = preSolution
		HideSolutionNode = FALSE
	EndGlobalSection
	GlobalSection(ExtensibilityGlobals) = postSolution
		SolutionGuid = {77104BB2-0C21-43D3-B6A9-3F3E591D0DA2}
	EndGlobalSection
EndGlobal
